
Microsoft Visual Studio Solution File, Format Version 12.00
# Visual Studio 15
VisualStudioVersion = 15.0.27004.2009
MinimumVisualStudioVersion = 10.0.40219.1
Project("{FAE04EC0-301F-11D3-BF4B-00C04F79EFBC}") = "lift", "lift\lift.csproj", "{70CA8A70-8E38-4440-8BF8-18F79660805A}"
EndProject
Global
	GlobalSection(SolutionConfigurationPlatforms) = preSolution
		Debug|x64 = Debug|x64
	EndGlobalSection
	GlobalSection(ProjectConfigurationPlatforms) = postSolution
		{70CA8A70-8E38-4440-8BF8-18F79660805A}.Debug|x64.ActiveCfg = Debug|x64
		{70CA8A70-8E38-4440-8BF8-18F79660805A}.Debug|x64.Build.0 = Debug|x64
	EndGlobalSection
	GlobalSection(SolutionProperties) = preSolution
		HideSolutionNode = FALSE
	EndGlobalSection
	GlobalSection(ExtensibilityGlobals) = postSolution
		SolutionGuid = {A381A113-CAA8-4C46-9D4B-C828BCA78CAF}
	EndGlobalSection
EndGlobal
